{
  "name": "@typescript-package/collection-adapter",
  "version": "0.2.0",
  "lockfileVersion": 3,
  "requires": true,
  "packages": {
    "": {
      "name": "@typescript-package/collection-adapter",
      "version": "0.2.0",
      "funding": [
        {
          "type": "stripe",
          "url": "https://donate.stripe.com/dR614hfDZcJE3wAcMM"
        },
        {
          "type": "individual",
          "url": "https://checkout.revolut.com/pay/048b10a3-0e10-42c8-a917-e3e9cb4c8e29"
        }
      ],
      "license": "MIT",
      "peerDependencies": {
        "@typedly/collection": "^5.0.0"
      }
    },
    "node_modules/@typedly/collection": {
      "version": "5.0.0",
      "resolved": "https://registry.npmjs.org/@typedly/collection/-/collection-5.0.0.tgz",
      "integrity": "sha512-ykL77h7ALVnsFuSrUHGGdZtFAmphHOW6vHbEaryldfQxqK8gzqjP4IMrGVGciUK3dnJb9Fi/SXg+hpWKmeUmcA==",
      "funding": [
        {
          "type": "stripe",
          "url": "https://donate.stripe.com/dR614hfDZcJE3wAcMM"
        },
        {
          "type": "revolut",
          "url": "https://checkout.revolut.com/pay/048b10a3-0e10-42c8-a917-e3e9cb4c8e29"
        }
      ],
      "license": "MIT",
      "peer": true,
      "peerDependencies": {
        "@typedly/data": "^4.0.0"
      }
    },
    "node_modules/@typedly/constructor": {
      "version": "1.0.0",
      "resolved": "https://registry.npmjs.org/@typedly/constructor/-/constructor-1.0.0.tgz",
      "integrity": "sha512-MFww4huWIfRpPjr2Gz001XKdYzfTe3tW94+EzXKwhiqnwrPApOazpjM5NG8GYP9etKUlmAqVIFEc0xclSwfRDg==",
      "funding": [
        {
          "type": "stripe",
          "url": "https://donate.stripe.com/dR614hfDZcJE3wAcMM"
        },
        {
          "type": "revolut",
          "url": "https://checkout.revolut.com/pay/048b10a3-0e10-42c8-a917-e3e9cb4c8e29"
        }
      ],
      "license": "MIT",
      "peer": true
    },
    "node_modules/@typedly/data": {
      "version": "4.0.0",
      "resolved": "https://registry.npmjs.org/@typedly/data/-/data-4.0.0.tgz",
      "integrity": "sha512-k6Ol+4WgrN+RWKNQzfXX6Tn90XGTp1taPFCrFVoKNQ6JEK+DZzTODFx3eEBV2zX51BJ3wuLeUX6LB1VlNOTd0g==",
      "funding": [
        {
          "type": "stripe",
          "url": "https://donate.stripe.com/dR614hfDZcJE3wAcMM"
        },
        {
          "type": "revolut",
          "url": "https://checkout.revolut.com/pay/048b10a3-0e10-42c8-a917-e3e9cb4c8e29"
        }
      ],
      "license": "MIT",
      "peer": true,
      "peerDependencies": {
        "@typedly/constructor": "^1.0.0"
      }
    }
  }
}
