{
  "name": "collection-adapter",
  "version": "0.0.1",
  "lockfileVersion": 3,
  "requires": true,
  "packages": {
    "": {
      "name": "collection-adapter",
      "version": "0.0.1",
      "dependencies": {
        "tslib": "^2.3.0"
      },
      "peerDependencies": {
        "@angular/common": "^21.0.0",
        "@angular/core": "^21.0.0",
        "@typedly/collection": "^3.0.0"
      }
    },
    "node_modules/@angular/common": {
      "version": "21.0.5",
      "resolved": "https://registry.npmjs.org/@angular/common/-/common-21.0.5.tgz",
      "integrity": "sha512-/ZI11F6Wxr8TZRVO4O7pmhBJ9YxDg9mvA76e0PiivmqZggM02HY0y3XPMP3hAOe4K+PfaVBgMAu3P9t32klzfA==",
      "license": "MIT",
      "peer": true,
      "dependencies": {
        "tslib": "^2.3.0"
      },
      "engines": {
        "node": "^20.19.0 || ^22.12.0 || >=24.0.0"
      },
      "peerDependencies": {
        "@angular/core": "21.0.5",
        "rxjs": "^6.5.3 || ^7.4.0"
      }
    },
    "node_modules/@angular/core": {
      "version": "21.0.5",
      "resolved": "https://registry.npmjs.org/@angular/core/-/core-21.0.5.tgz",
      "integrity": "sha512-HFXfO5YsBVM+IEaU8h3DZSxO98yDZM2v49NlSVNDzFD3fhnkpTmcgT2NKz9ulIiuV9N376itt+x+NG12sg/+Fw==",
      "license": "MIT",
      "peer": true,
      "dependencies": {
        "tslib": "^2.3.0"
      },
      "engines": {
        "node": "^20.19.0 || ^22.12.0 || >=24.0.0"
      },
      "peerDependencies": {
        "@angular/compiler": "21.0.5",
        "rxjs": "^6.5.3 || ^7.4.0",
        "zone.js": "~0.15.0 || ~0.16.0"
      },
      "peerDependenciesMeta": {
        "@angular/compiler": {
          "optional": true
        },
        "zone.js": {
          "optional": true
        }
      }
    },
    "node_modules/@typedly/collection": {
      "version": "3.0.0",
      "resolved": "https://registry.npmjs.org/@typedly/collection/-/collection-3.0.0.tgz",
      "integrity": "sha512-6DpUHG/AqlBIKZ0Hm4CHH/3SuLPU6wgYzVsvozo9q6Nu3YEZ8a09n26ir4f1q5jSf60l3v3H8yJXNS/VymVDqg==",
      "funding": [
        {
          "type": "stripe",
          "url": "https://donate.stripe.com/dR614hfDZcJE3wAcMM"
        },
        {
          "type": "revolut",
          "url": "https://checkout.revolut.com/pay/048b10a3-0e10-42c8-a917-e3e9cb4c8e29"
        }
      ],
      "license": "MIT",
      "peer": true,
      "peerDependencies": {
        "@typedly/data": "^3.0.0"
      }
    },
    "node_modules/@typedly/constructor": {
      "version": "1.0.0",
      "resolved": "https://registry.npmjs.org/@typedly/constructor/-/constructor-1.0.0.tgz",
      "integrity": "sha512-MFww4huWIfRpPjr2Gz001XKdYzfTe3tW94+EzXKwhiqnwrPApOazpjM5NG8GYP9etKUlmAqVIFEc0xclSwfRDg==",
      "funding": [
        {
          "type": "stripe",
          "url": "https://donate.stripe.com/dR614hfDZcJE3wAcMM"
        },
        {
          "type": "revolut",
          "url": "https://checkout.revolut.com/pay/048b10a3-0e10-42c8-a917-e3e9cb4c8e29"
        }
      ],
      "license": "MIT",
      "peer": true
    },
    "node_modules/@typedly/data": {
      "version": "3.0.0",
      "resolved": "https://registry.npmjs.org/@typedly/data/-/data-3.0.0.tgz",
      "integrity": "sha512-ScUoMCm9pyX1VwrFmhT8Td/uffk8+hov3amCBhqCr5uVnsJJbbpmH/vgXcQin1E5EM1jddKLOlWvBOxdallR9Q==",
      "funding": [
        {
          "type": "stripe",
          "url": "https://donate.stripe.com/dR614hfDZcJE3wAcMM"
        },
        {
          "type": "revolut",
          "url": "https://checkout.revolut.com/pay/048b10a3-0e10-42c8-a917-e3e9cb4c8e29"
        }
      ],
      "license": "MIT",
      "peer": true,
      "peerDependencies": {
        "@typedly/constructor": "^1.0.0"
      }
    },
    "node_modules/rxjs": {
      "version": "7.8.2",
      "resolved": "https://registry.npmjs.org/rxjs/-/rxjs-7.8.2.tgz",
      "integrity": "sha512-dhKf903U/PQZY6boNNtAGdWbG85WAbjT/1xYoZIC7FAY0yWapOBQVsVrDl58W86//e1VpMNBtRV4MaXfdMySFA==",
      "license": "Apache-2.0",
      "peer": true,
      "dependencies": {
        "tslib": "^2.1.0"
      }
    },
    "node_modules/tslib": {
      "version": "2.8.1",
      "resolved": "https://registry.npmjs.org/tslib/-/tslib-2.8.1.tgz",
      "integrity": "sha512-oJFu94HQb+KVduSUQL7wnpmqnfmLsOA/nAh6b6EH0wCEoK0/mPeXU6c3wKDV83MkOuHPRHtSXKKU99IBazS/2w==",
      "license": "0BSD"
    }
  }
}
